
Microsoft Visual Studio Solution File, Format Version 12.00
# Visual Studio Version 16
VisualStudioVersion = 16.0.30611.23
MinimumVisualStudioVersion = 10.0.40219.1
Project("{9A19103F-16F7-4668-BE54-9A1E7A4F7556}") = "UploadEmailMessagesHttpTriggerFunction", "UploadEmailMessagesHttpTriggerFunction\UploadEmailMessagesHttpTriggerFunction.csproj", "{0E65A071-5E48-4FC3-BCCB-2E2E2A7F219E}"
EndProject
Project("{9A19103F-16F7-4668-BE54-9A1E7A4F7556}") = "UploadEmail.Contract", "UploadEmail.Contract\UploadEmail.Contract.csproj", "{DA7749E8-84BB-4D1E-A66B-64C570E3E885}"
EndProject
Global
	GlobalSection(SolutionConfigurationPlatforms) = preSolution
		Debug|Any CPU = Debug|Any CPU
		Release|Any CPU = Release|Any CPU
	EndGlobalSection
	GlobalSection(ProjectConfigurationPlatforms) = postSolution
		{0E65A071-5E48-4FC3-BCCB-2E2E2A7F219E}.Debug|Any CPU.ActiveCfg = Debug|Any CPU
		{0E65A071-5E48-4FC3-BCCB-2E2E2A7F219E}.Debug|Any CPU.Build.0 = Debug|Any CPU
		{0E65A071-5E48-4FC3-BCCB-2E2E2A7F219E}.Release|Any CPU.ActiveCfg = Release|Any CPU
		{0E65A071-5E48-4FC3-BCCB-2E2E2A7F219E}.Release|Any CPU.Build.0 = Release|Any CPU
		{DA7749E8-84BB-4D1E-A66B-64C570E3E885}.Debug|Any CPU.ActiveCfg = Debug|Any CPU
		{DA7749E8-84BB-4D1E-A66B-64C570E3E885}.Debug|Any CPU.Build.0 = Debug|Any CPU
		{DA7749E8-84BB-4D1E-A66B-64C570E3E885}.Release|Any CPU.ActiveCfg = Release|Any CPU
		{DA7749E8-84BB-4D1E-A66B-64C570E3E885}.Release|Any CPU.Build.0 = Release|Any CPU
	EndGlobalSection
	GlobalSection(SolutionProperties) = preSolution
		HideSolutionNode = FALSE
	EndGlobalSection
	GlobalSection(ExtensibilityGlobals) = postSolution
		SolutionGuid = {7A2FB987-EDB4-4A96-9247-311934E1D0CD}
	EndGlobalSection
EndGlobal
